// !$*UTF8*$!
{
	archiveVersion = 1;
	classes = {
	};
	objectVersion = 56;
	objects = {

/* Begin PBXBuildFile section */
		78057959296943DC00AC72F4 /* CatchEx_ios_key.framework in Frameworks */ = {isa = PBXBuildFile; fileRef = 78057958296943DC00AC72F4 /* CatchEx_ios_key.framework */; };
		7805795C296978D200AC72F4 /* LoginViewController.swift in Sources */ = {isa = PBXBuildFile; fileRef = 7805795B296978D200AC72F4 /* LoginViewController.swift */; };
		7805795F29698AE000AC72F4 /* BaseTextField.swift in Sources */ = {isa = PBXBuildFile; fileRef = 7805795E29698AE000AC72F4 /* BaseTextField.swift */; };
		7805796129698AFF00AC72F4 /* SimpleInputView.swift in Sources */ = {isa = PBXBuildFile; fileRef = 7805796029698AFF00AC72F4 /* SimpleInputView.swift */; };
		7805796329698B5B00AC72F4 /* UITextField+.swift in Sources */ = {isa = PBXBuildFile; fileRef = 7805796229698B5B00AC72F4 /* UITextField+.swift */; };
		780579652969927A00AC72F4 /* WarningView.swift in Sources */ = {isa = PBXBuildFile; fileRef = 780579642969927A00AC72F4 /* WarningView.swift */; };
		780579742969A69D00AC72F4 /* SignUpViewController.swift in Sources */ = {isa = PBXBuildFile; fileRef = 780579732969A69D00AC72F4 /* SignUpViewController.swift */; };
		780579772969AEF200AC72F4 /* OnboardViewController.swift in Sources */ = {isa = PBXBuildFile; fileRef = 780579762969AEF200AC72F4 /* OnboardViewController.swift */; };
		780579802969BF9A00AC72F4 /* Pretendard-ExtraLight.otf in Resources */ = {isa = PBXBuildFile; fileRef = 780579782969BF9900AC72F4 /* Pretendard-ExtraLight.otf */; };
		780579812969BF9A00AC72F4 /* Pretendard-SemiBold.otf in Resources */ = {isa = PBXBuildFile; fileRef = 780579792969BF9900AC72F4 /* Pretendard-SemiBold.otf */; };
		780579822969BF9A00AC72F4 /* Pretendard-Thin.otf in Resources */ = {isa = PBXBuildFile; fileRef = 7805797A2969BF9A00AC72F4 /* Pretendard-Thin.otf */; };
		780579832969BF9A00AC72F4 /* Pretendard-Regular.otf in Resources */ = {isa = PBXBuildFile; fileRef = 7805797B2969BF9A00AC72F4 /* Pretendard-Regular.otf */; };
		780579842969BF9A00AC72F4 /* Pretendard-Medium.otf in Resources */ = {isa = PBXBuildFile; fileRef = 7805797C2969BF9A00AC72F4 /* Pretendard-Medium.otf */; };
		780579852969BF9A00AC72F4 /* Pretendard-Light.otf in Resources */ = {isa = PBXBuildFile; fileRef = 7805797D2969BF9A00AC72F4 /* Pretendard-Light.otf */; };
		780579862969BF9A00AC72F4 /* Pretendard-ExtraBold.otf in Resources */ = {isa = PBXBuildFile; fileRef = 7805797E2969BF9A00AC72F4 /* Pretendard-ExtraBold.otf */; };
		780579872969BF9A00AC72F4 /* Pretendard-Bold.otf in Resources */ = {isa = PBXBuildFile; fileRef = 7805797F2969BF9A00AC72F4 /* Pretendard-Bold.otf */; };
		7805798A2969CE1A00AC72F4 /* RxKeyboard in Frameworks */ = {isa = PBXBuildFile; productRef = 780579892969CE1A00AC72F4 /* RxKeyboard */; };
		7805798C2969DF7200AC72F4 /* BaseTextView.swift in Sources */ = {isa = PBXBuildFile; fileRef = 7805798B2969DF7200AC72F4 /* BaseTextView.swift */; };
		7805798F2969EA3E00AC72F4 /* RxGesture in Frameworks */ = {isa = PBXBuildFile; productRef = 7805798E2969EA3E00AC72F4 /* RxGesture */; };
		781C2FD229692C2B000701BC /* AppDelegate.swift in Sources */ = {isa = PBXBuildFile; fileRef = 781C2FD129692C2B000701BC /* AppDelegate.swift */; };
		781C2FD429692C2B000701BC /* SceneDelegate.swift in Sources */ = {isa = PBXBuildFile; fileRef = 781C2FD329692C2B000701BC /* SceneDelegate.swift */; };
		781C2FD629692C2B000701BC /* ViewController.swift in Sources */ = {isa = PBXBuildFile; fileRef = 781C2FD529692C2B000701BC /* ViewController.swift */; };
		781C2FDB29692C2C000701BC /* Assets.xcassets in Resources */ = {isa = PBXBuildFile; fileRef = 781C2FDA29692C2C000701BC /* Assets.xcassets */; };
		781C2FDE29692C2C000701BC /* LaunchScreen.storyboard in Resources */ = {isa = PBXBuildFile; fileRef = 781C2FDC29692C2C000701BC /* LaunchScreen.storyboard */; };
		781C2FE729692D30000701BC /* SnapKit in Frameworks */ = {isa = PBXBuildFile; productRef = 781C2FE629692D30000701BC /* SnapKit */; };
		781C2FEA29692D3C000701BC /* Then in Frameworks */ = {isa = PBXBuildFile; productRef = 781C2FE929692D3C000701BC /* Then */; };
		781C2FF429693852000701BC /* Moya in Frameworks */ = {isa = PBXBuildFile; productRef = 781C2FF329693852000701BC /* Moya */; };
		781C2FF629693852000701BC /* RxMoya in Frameworks */ = {isa = PBXBuildFile; productRef = 781C2FF529693852000701BC /* RxMoya */; };
		78BADF5329693CCA00AA4D6B /* TabBarViewController.swift in Sources */ = {isa = PBXBuildFile; fileRef = 78BADF5229693CCA00AA4D6B /* TabBarViewController.swift */; };
		78BADF5629693D8F00AA4D6B /* Asset.swift in Sources */ = {isa = PBXBuildFile; fileRef = 78BADF5529693D8F00AA4D6B /* Asset.swift */; };
		78BADF5929693DE100AA4D6B /* NetworkService.swift in Sources */ = {isa = PBXBuildFile; fileRef = 78BADF5829693DE100AA4D6B /* NetworkService.swift */; };
		78BADF5C29693E3400AA4D6B /* UserDefaultManager.swift in Sources */ = {isa = PBXBuildFile; fileRef = 78BADF5B29693E3400AA4D6B /* UserDefaultManager.swift */; };
		78BADF5F29693E9400AA4D6B /* RxCocoa in Frameworks */ = {isa = PBXBuildFile; productRef = 78BADF5E29693E9400AA4D6B /* RxCocoa */; };
		78BADF6129693E9400AA4D6B /* RxRelay in Frameworks */ = {isa = PBXBuildFile; productRef = 78BADF6029693E9400AA4D6B /* RxRelay */; };
		78BADF6429693F0E00AA4D6B /* UIImage+.swift in Sources */ = {isa = PBXBuildFile; fileRef = 78BADF6329693F0E00AA4D6B /* UIImage+.swift */; };
		78BADF6629693F2300AA4D6B /* UIFont+.swift in Sources */ = {isa = PBXBuildFile; fileRef = 78BADF6529693F2300AA4D6B /* UIFont+.swift */; };
		78BADF6829693F4F00AA4D6B /* UIViewController+Rx.swift in Sources */ = {isa = PBXBuildFile; fileRef = 78BADF6729693F4F00AA4D6B /* UIViewController+Rx.swift */; };
		78BADF6A29693F5800AA4D6B /* UIColor+.swift in Sources */ = {isa = PBXBuildFile; fileRef = 78BADF6929693F5800AA4D6B /* UIColor+.swift */; };
/* End PBXBuildFile section */

/* Begin PBXFileReference section */
		78057958296943DC00AC72F4 /* CatchEx_ios_key.framework */ = {isa = PBXFileReference; explicitFileType = wrapper.framework; path = CatchEx_ios_key.framework; sourceTree = BUILT_PRODUCTS_DIR; };
		7805795B296978D200AC72F4 /* LoginViewController.swift */ = {isa = PBXFileReference; lastKnownFileType = sourcecode.swift; path = LoginViewController.swift; sourceTree = "<group>"; };
		7805795E29698AE000AC72F4 /* BaseTextField.swift */ = {isa = PBXFileReference; lastKnownFileType = sourcecode.swift; path = BaseTextField.swift; sourceTree = "<group>"; };
		7805796029698AFF00AC72F4 /* SimpleInputView.swift */ = {isa = PBXFileReference; lastKnownFileType = sourcecode.swift; path = SimpleInputView.swift; sourceTree = "<group>"; };
		7805796229698B5B00AC72F4 /* UITextField+.swift */ = {isa = PBXFileReference; lastKnownFileType = sourcecode.swift; path = "UITextField+.swift"; sourceTree = "<group>"; };
		780579642969927A00AC72F4 /* WarningView.swift */ = {isa = PBXFileReference; lastKnownFileType = sourcecode.swift; path = WarningView.swift; sourceTree = "<group>"; };
		780579732969A69D00AC72F4 /* SignUpViewController.swift */ = {isa = PBXFileReference; lastKnownFileType = sourcecode.swift; path = SignUpViewController.swift; sourceTree = "<group>"; };
		780579762969AEF200AC72F4 /* OnboardViewController.swift */ = {isa = PBXFileReference; lastKnownFileType = sourcecode.swift; path = OnboardViewController.swift; sourceTree = "<group>"; };
		780579782969BF9900AC72F4 /* Pretendard-ExtraLight.otf */ = {isa = PBXFileReference; lastKnownFileType = file; path = "Pretendard-ExtraLight.otf"; sourceTree = "<group>"; };
		780579792969BF9900AC72F4 /* Pretendard-SemiBold.otf */ = {isa = PBXFileReference; lastKnownFileType = file; path = "Pretendard-SemiBold.otf"; sourceTree = "<group>"; };
		7805797A2969BF9A00AC72F4 /* Pretendard-Thin.otf */ = {isa = PBXFileReference; lastKnownFileType = file; path = "Pretendard-Thin.otf"; sourceTree = "<group>"; };
		7805797B2969BF9A00AC72F4 /* Pretendard-Regular.otf */ = {isa = PBXFileReference; lastKnownFileType = file; path = "Pretendard-Regular.otf"; sourceTree = "<group>"; };
		7805797C2969BF9A00AC72F4 /* Pretendard-Medium.otf */ = {isa = PBXFileReference; lastKnownFileType = file; path = "Pretendard-Medium.otf"; sourceTree = "<group>"; };
		7805797D2969BF9A00AC72F4 /* Pretendard-Light.otf */ = {isa = PBXFileReference; lastKnownFileType = file; path = "Pretendard-Light.otf"; sourceTree = "<group>"; };
		7805797E2969BF9A00AC72F4 /* Pretendard-ExtraBold.otf */ = {isa = PBXFileReference; lastKnownFileType = file; path = "Pretendard-ExtraBold.otf"; sourceTree = "<group>"; };
		7805797F2969BF9A00AC72F4 /* Pretendard-Bold.otf */ = {isa = PBXFileReference; lastKnownFileType = file; path = "Pretendard-Bold.otf"; sourceTree = "<group>"; };
		7805798B2969DF7200AC72F4 /* BaseTextView.swift */ = {isa = PBXFileReference; lastKnownFileType = sourcecode.swift; path = BaseTextView.swift; sourceTree = "<group>"; };
		781C2FCE29692C2B000701BC /* Catch-Ex-ios-app.app */ = {isa = PBXFileReference; explicitFileType = wrapper.application; includeInIndex = 0; path = "Catch-Ex-ios-app.app"; sourceTree = BUILT_PRODUCTS_DIR; };
		781C2FD129692C2B000701BC /* AppDelegate.swift */ = {isa = PBXFileReference; lastKnownFileType = sourcecode.swift; path = AppDelegate.swift; sourceTree = "<group>"; };
		781C2FD329692C2B000701BC /* SceneDelegate.swift */ = {isa = PBXFileReference; lastKnownFileType = sourcecode.swift; path = SceneDelegate.swift; sourceTree = "<group>"; };
		781C2FD529692C2B000701BC /* ViewController.swift */ = {isa = PBXFileReference; lastKnownFileType = sourcecode.swift; path = ViewController.swift; sourceTree = "<group>"; };
		781C2FDA29692C2C000701BC /* Assets.xcassets */ = {isa = PBXFileReference; lastKnownFileType = folder.assetcatalog; path = Assets.xcassets; sourceTree = "<group>"; };
		781C2FDD29692C2C000701BC /* Base */ = {isa = PBXFileReference; lastKnownFileType = file.storyboard; name = Base; path = Base.lproj/LaunchScreen.storyboard; sourceTree = "<group>"; };
		781C2FDF29692C2C000701BC /* Info.plist */ = {isa = PBXFileReference; lastKnownFileType = text.plist.xml; path = Info.plist; sourceTree = "<group>"; };
		78BADF5229693CCA00AA4D6B /* TabBarViewController.swift */ = {isa = PBXFileReference; lastKnownFileType = sourcecode.swift; path = TabBarViewController.swift; sourceTree = "<group>"; };
		78BADF5529693D8F00AA4D6B /* Asset.swift */ = {isa = PBXFileReference; lastKnownFileType = sourcecode.swift; path = Asset.swift; sourceTree = "<group>"; };
		78BADF5829693DE100AA4D6B /* NetworkService.swift */ = {isa = PBXFileReference; lastKnownFileType = sourcecode.swift; path = NetworkService.swift; sourceTree = "<group>"; };
		78BADF5B29693E3400AA4D6B /* UserDefaultManager.swift */ = {isa = PBXFileReference; lastKnownFileType = sourcecode.swift; path = UserDefaultManager.swift; sourceTree = "<group>"; };
		78BADF6329693F0E00AA4D6B /* UIImage+.swift */ = {isa = PBXFileReference; lastKnownFileType = sourcecode.swift; path = "UIImage+.swift"; sourceTree = "<group>"; };
		78BADF6529693F2300AA4D6B /* UIFont+.swift */ = {isa = PBXFileReference; lastKnownFileType = sourcecode.swift; path = "UIFont+.swift"; sourceTree = "<group>"; };
		78BADF6729693F4F00AA4D6B /* UIViewController+Rx.swift */ = {isa = PBXFileReference; lastKnownFileType = sourcecode.swift; path = "UIViewController+Rx.swift"; sourceTree = "<group>"; };
		78BADF6929693F5800AA4D6B /* UIColor+.swift */ = {isa = PBXFileReference; lastKnownFileType = sourcecode.swift; path = "UIColor+.swift"; sourceTree = "<group>"; };
/* End PBXFileReference section */

/* Begin PBXFrameworksBuildPhase section */
		781C2FCB29692C2B000701BC /* Frameworks */ = {
			isa = PBXFrameworksBuildPhase;
			buildActionMask = 2147483647;
			files = (
				78057959296943DC00AC72F4 /* CatchEx_ios_key.framework in Frameworks */,
				7805798F2969EA3E00AC72F4 /* RxGesture in Frameworks */,
				78BADF6129693E9400AA4D6B /* RxRelay in Frameworks */,
				781C2FE729692D30000701BC /* SnapKit in Frameworks */,
				781C2FEA29692D3C000701BC /* Then in Frameworks */,
				78BADF5F29693E9400AA4D6B /* RxCocoa in Frameworks */,
				7805798A2969CE1A00AC72F4 /* RxKeyboard in Frameworks */,
				781C2FF629693852000701BC /* RxMoya in Frameworks */,
				781C2FF429693852000701BC /* Moya in Frameworks */,
			);
			runOnlyForDeploymentPostprocessing = 0;
		};
/* End PBXFrameworksBuildPhase section */

/* Begin PBXGroup section */
		78057957296943DC00AC72F4 /* Frameworks */ = {
			isa = PBXGroup;
			children = (
				78057958296943DC00AC72F4 /* CatchEx_ios_key.framework */,
			);
			name = Frameworks;
			sourceTree = "<group>";
		};
		7805795A296978C900AC72F4 /* Login */ = {
			isa = PBXGroup;
			children = (
				7805795D296989F300AC72F4 /* InputView */,
				7805795B296978D200AC72F4 /* LoginViewController.swift */,
				780579642969927A00AC72F4 /* WarningView.swift */,
			);
			path = Login;
			sourceTree = "<group>";
		};
		7805795D296989F300AC72F4 /* InputView */ = {
			isa = PBXGroup;
			children = (
				7805795E29698AE000AC72F4 /* BaseTextField.swift */,
				7805796029698AFF00AC72F4 /* SimpleInputView.swift */,
			);
			path = InputView;
			sourceTree = "<group>";
		};
		780579682969A18300AC72F4 /* Resource */ = {
			isa = PBXGroup;
			children = (
				780579692969A18900AC72F4 /* Pretendard-Font */,
			);
			path = Resource;
			sourceTree = "<group>";
		};
		780579692969A18900AC72F4 /* Pretendard-Font */ = {
			isa = PBXGroup;
			children = (
				7805797F2969BF9A00AC72F4 /* Pretendard-Bold.otf */,
				7805797E2969BF9A00AC72F4 /* Pretendard-ExtraBold.otf */,
				780579782969BF9900AC72F4 /* Pretendard-ExtraLight.otf */,
				7805797D2969BF9A00AC72F4 /* Pretendard-Light.otf */,
				7805797C2969BF9A00AC72F4 /* Pretendard-Medium.otf */,
				7805797B2969BF9A00AC72F4 /* Pretendard-Regular.otf */,
				780579792969BF9900AC72F4 /* Pretendard-SemiBold.otf */,
				7805797A2969BF9A00AC72F4 /* Pretendard-Thin.otf */,
			);
			path = "Pretendard-Font";
			sourceTree = "<group>";
		};
		780579722969A68F00AC72F4 /* SignUp */ = {
			isa = PBXGroup;
			children = (
				780579732969A69D00AC72F4 /* SignUpViewController.swift */,
			);
			path = SignUp;
			sourceTree = "<group>";
		};
		780579752969ADBD00AC72F4 /* Onboard */ = {
			isa = PBXGroup;
			children = (
				780579762969AEF200AC72F4 /* OnboardViewController.swift */,
				7805798B2969DF7200AC72F4 /* BaseTextView.swift */,
			);
			path = Onboard;
			sourceTree = "<group>";
		};
		781C2FC529692C2B000701BC = {
			isa = PBXGroup;
			children = (
				781C2FD029692C2B000701BC /* Catch-Ex-ios-app */,
				781C2FCF29692C2B000701BC /* Products */,
				78057957296943DC00AC72F4 /* Frameworks */,
			);
			sourceTree = "<group>";
		};
		781C2FCF29692C2B000701BC /* Products */ = {
			isa = PBXGroup;
			children = (
				781C2FCE29692C2B000701BC /* Catch-Ex-ios-app.app */,
			);
			name = Products;
			sourceTree = "<group>";
		};
		781C2FD029692C2B000701BC /* Catch-Ex-ios-app */ = {
			isa = PBXGroup;
			children = (
				780579752969ADBD00AC72F4 /* Onboard */,
				780579722969A68F00AC72F4 /* SignUp */,
				780579682969A18300AC72F4 /* Resource */,
				7805795A296978C900AC72F4 /* Login */,
				781C2FD129692C2B000701BC /* AppDelegate.swift */,
				781C2FD329692C2B000701BC /* SceneDelegate.swift */,
				781C2FD529692C2B000701BC /* ViewController.swift */,
				78BADF5229693CCA00AA4D6B /* TabBarViewController.swift */,
				78BADF6B2969403F00AA4D6B /* Models */,
				78BADF5A29693E2200AA4D6B /* UserDefaultManager */,
				78BADF5729693DAC00AA4D6B /* Network */,
				78BADF5429693D8500AA4D6B /* Commons */,
				78BADF6229693EF200AA4D6B /* Extension+ */,
				781C2FDA29692C2C000701BC /* Assets.xcassets */,
				781C2FDC29692C2C000701BC /* LaunchScreen.storyboard */,
				781C2FDF29692C2C000701BC /* Info.plist */,
			);
			path = "Catch-Ex-ios-app";
			sourceTree = "<group>";
		};
		78BADF5429693D8500AA4D6B /* Commons */ = {
			isa = PBXGroup;
			children = (
				78BADF5529693D8F00AA4D6B /* Asset.swift */,
			);
			path = Commons;
			sourceTree = "<group>";
		};
		78BADF5729693DAC00AA4D6B /* Network */ = {
			isa = PBXGroup;
			children = (
				78BADF5829693DE100AA4D6B /* NetworkService.swift */,
			);
			path = Network;
			sourceTree = "<group>";
		};
		78BADF5A29693E2200AA4D6B /* UserDefaultManager */ = {
			isa = PBXGroup;
			children = (
				78BADF5B29693E3400AA4D6B /* UserDefaultManager.swift */,
			);
			path = UserDefaultManager;
			sourceTree = "<group>";
		};
		78BADF6229693EF200AA4D6B /* Extension+ */ = {
			isa = PBXGroup;
			children = (
				78BADF6329693F0E00AA4D6B /* UIImage+.swift */,
				78BADF6529693F2300AA4D6B /* UIFont+.swift */,
				78BADF6729693F4F00AA4D6B /* UIViewController+Rx.swift */,
				78BADF6929693F5800AA4D6B /* UIColor+.swift */,
				7805796229698B5B00AC72F4 /* UITextField+.swift */,
			);
			path = "Extension+";
			sourceTree = "<group>";
		};
		78BADF6B2969403F00AA4D6B /* Models */ = {
			isa = PBXGroup;
			children = (
			);
			path = Models;
			sourceTree = "<group>";
		};
/* End PBXGroup section */

/* Begin PBXNativeTarget section */
		781C2FCD29692C2B000701BC /* Catch-Ex-ios-app */ = {
			isa = PBXNativeTarget;
			buildConfigurationList = 781C2FE229692C2C000701BC /* Build configuration list for PBXNativeTarget "Catch-Ex-ios-app" */;
			buildPhases = (
				781C2FCA29692C2B000701BC /* Sources */,
				781C2FCB29692C2B000701BC /* Frameworks */,
				781C2FCC29692C2B000701BC /* Resources */,
			);
			buildRules = (
			);
			dependencies = (
			);
			name = "Catch-Ex-ios-app";
			packageProductDependencies = (
				781C2FE629692D30000701BC /* SnapKit */,
				781C2FE929692D3C000701BC /* Then */,
				781C2FF329693852000701BC /* Moya */,
				781C2FF529693852000701BC /* RxMoya */,
				78BADF5E29693E9400AA4D6B /* RxCocoa */,
				78BADF6029693E9400AA4D6B /* RxRelay */,
				780579892969CE1A00AC72F4 /* RxKeyboard */,
				7805798E2969EA3E00AC72F4 /* RxGesture */,
			);
			productName = "Catch-Ex-ios-app";
			productReference = 781C2FCE29692C2B000701BC /* Catch-Ex-ios-app.app */;
			productType = "com.apple.product-type.application";
		};
/* End PBXNativeTarget section */

/* Begin PBXProject section */
		781C2FC629692C2B000701BC /* Project object */ = {
			isa = PBXProject;
			attributes = {
				BuildIndependentTargetsInParallel = 1;
				LastSwiftUpdateCheck = 1420;
				LastUpgradeCheck = 1420;
				TargetAttributes = {
					781C2FCD29692C2B000701BC = {
						CreatedOnToolsVersion = 14.2;
					};
				};
			};
			buildConfigurationList = 781C2FC929692C2B000701BC /* Build configuration list for PBXProject "Catch-Ex-ios-app" */;
			compatibilityVersion = "Xcode 14.0";
			developmentRegion = en;
			hasScannedForEncodings = 0;
			knownRegions = (
				en,
				Base,
			);
			mainGroup = 781C2FC529692C2B000701BC;
			packageReferences = (
				781C2FE529692D30000701BC /* XCRemoteSwiftPackageReference "SnapKit" */,
				781C2FE829692D3C000701BC /* XCRemoteSwiftPackageReference "Then" */,
				781C2FF229693852000701BC /* XCRemoteSwiftPackageReference "Moya" */,
				78BADF5D29693E9400AA4D6B /* XCRemoteSwiftPackageReference "RxSwift" */,
				780579882969CE1A00AC72F4 /* XCRemoteSwiftPackageReference "RxKeyboard" */,
				7805798D2969EA3E00AC72F4 /* XCRemoteSwiftPackageReference "RxGesture" */,
			);
			productRefGroup = 781C2FCF29692C2B000701BC /* Products */;
			projectDirPath = "";
			projectRoot = "";
			targets = (
				781C2FCD29692C2B000701BC /* Catch-Ex-ios-app */,
			);
		};
/* End PBXProject section */

/* Begin PBXResourcesBuildPhase section */
		781C2FCC29692C2B000701BC /* Resources */ = {
			isa = PBXResourcesBuildPhase;
			buildActionMask = 2147483647;
			files = (
				780579842969BF9A00AC72F4 /* Pretendard-Medium.otf in Resources */,
				780579872969BF9A00AC72F4 /* Pretendard-Bold.otf in Resources */,
				780579852969BF9A00AC72F4 /* Pretendard-Light.otf in Resources */,
				780579862969BF9A00AC72F4 /* Pretendard-ExtraBold.otf in Resources */,
				780579802969BF9A00AC72F4 /* Pretendard-ExtraLight.otf in Resources */,
				780579832969BF9A00AC72F4 /* Pretendard-Regular.otf in Resources */,
				780579822969BF9A00AC72F4 /* Pretendard-Thin.otf in Resources */,
				781C2FDE29692C2C000701BC /* LaunchScreen.storyboard in Resources */,
				781C2FDB29692C2C000701BC /* Assets.xcassets in Resources */,
				780579812969BF9A00AC72F4 /* Pretendard-SemiBold.otf in Resources */,
			);
			runOnlyForDeploymentPostprocessing = 0;
		};
/* End PBXResourcesBuildPhase section */

/* Begin PBXSourcesBuildPhase section */
		781C2FCA29692C2B000701BC /* Sources */ = {
			isa = PBXSourcesBuildPhase;
			buildActionMask = 2147483647;
			files = (
				7805795C296978D200AC72F4 /* LoginViewController.swift in Sources */,
				78BADF6829693F4F00AA4D6B /* UIViewController+Rx.swift in Sources */,
				78BADF5329693CCA00AA4D6B /* TabBarViewController.swift in Sources */,
				7805798C2969DF7200AC72F4 /* BaseTextView.swift in Sources */,
				78BADF6629693F2300AA4D6B /* UIFont+.swift in Sources */,
				7805795F29698AE000AC72F4 /* BaseTextField.swift in Sources */,
				780579742969A69D00AC72F4 /* SignUpViewController.swift in Sources */,
				781C2FD629692C2B000701BC /* ViewController.swift in Sources */,
				78BADF6A29693F5800AA4D6B /* UIColor+.swift in Sources */,
				78BADF5629693D8F00AA4D6B /* Asset.swift in Sources */,
				7805796129698AFF00AC72F4 /* SimpleInputView.swift in Sources */,
				781C2FD229692C2B000701BC /* AppDelegate.swift in Sources */,
				78BADF5929693DE100AA4D6B /* NetworkService.swift in Sources */,
				7805796329698B5B00AC72F4 /* UITextField+.swift in Sources */,
				78BADF6429693F0E00AA4D6B /* UIImage+.swift in Sources */,
				780579772969AEF200AC72F4 /* OnboardViewController.swift in Sources */,
				780579652969927A00AC72F4 /* WarningView.swift in Sources */,
				781C2FD429692C2B000701BC /* SceneDelegate.swift in Sources */,
				78BADF5C29693E3400AA4D6B /* UserDefaultManager.swift in Sources */,
			);
			runOnlyForDeploymentPostprocessing = 0;
		};
/* End PBXSourcesBuildPhase section */

/* Begin PBXVariantGroup section */
		781C2FDC29692C2C000701BC /* LaunchScreen.storyboard */ = {
			isa = PBXVariantGroup;
			children = (
				781C2FDD29692C2C000701BC /* Base */,
			);
			name = LaunchScreen.storyboard;
			sourceTree = "<group>";
		};
/* End PBXVariantGroup section */

/* Begin XCBuildConfiguration section */
		781C2FE029692C2C000701BC /* Debug */ = {
			isa = XCBuildConfiguration;
			buildSettings = {
				ALWAYS_SEARCH_USER_PATHS = NO;
				CLANG_ANALYZER_NONNULL = YES;
				CLANG_ANALYZER_NUMBER_OBJECT_CONVERSION = YES_AGGRESSIVE;
				CLANG_CXX_LANGUAGE_STANDARD = "gnu++20";
				CLANG_ENABLE_MODULES = YES;
				CLANG_ENABLE_OBJC_ARC = YES;
				CLANG_ENABLE_OBJC_WEAK = YES;
				CLANG_WARN_BLOCK_CAPTURE_AUTORELEASING = YES;
				CLANG_WARN_BOOL_CONVERSION = YES;
				CLANG_WARN_COMMA = YES;
				CLANG_WARN_CONSTANT_CONVERSION = YES;
				CLANG_WARN_DEPRECATED_OBJC_IMPLEMENTATIONS = YES;
				CLANG_WARN_DIRECT_OBJC_ISA_USAGE = YES_ERROR;
				CLANG_WARN_DOCUMENTATION_COMMENTS = YES;
				CLANG_WARN_EMPTY_BODY = YES;
				CLANG_WARN_ENUM_CONVERSION = YES;
				CLANG_WARN_INFINITE_RECURSION = YES;
				CLANG_WARN_INT_CONVERSION = YES;
				CLANG_WARN_NON_LITERAL_NULL_CONVERSION = YES;
				CLANG_WARN_OBJC_IMPLICIT_RETAIN_SELF = YES;
				CLANG_WARN_OBJC_LITERAL_CONVERSION = YES;
				CLANG_WARN_OBJC_ROOT_CLASS = YES_ERROR;
				CLANG_WARN_QUOTED_INCLUDE_IN_FRAMEWORK_HEADER = YES;
				CLANG_WARN_RANGE_LOOP_ANALYSIS = YES;
				CLANG_WARN_STRICT_PROTOTYPES = YES;
				CLANG_WARN_SUSPICIOUS_MOVE = YES;
				CLANG_WARN_UNGUARDED_AVAILABILITY = YES_AGGRESSIVE;
				CLANG_WARN_UNREACHABLE_CODE = YES;
				CLANG_WARN__DUPLICATE_METHOD_MATCH = YES;
				COPY_PHASE_STRIP = NO;
				DEBUG_INFORMATION_FORMAT = dwarf;
				ENABLE_STRICT_OBJC_MSGSEND = YES;
				ENABLE_TESTABILITY = YES;
				GCC_C_LANGUAGE_STANDARD = gnu11;
				GCC_DYNAMIC_NO_PIC = NO;
				GCC_NO_COMMON_BLOCKS = YES;
				GCC_OPTIMIZATION_LEVEL = 0;
				GCC_PREPROCESSOR_DEFINITIONS = (
					"DEBUG=1",
					"$(inherited)",
				);
				GCC_WARN_64_TO_32_BIT_CONVERSION = YES;
				GCC_WARN_ABOUT_RETURN_TYPE = YES_ERROR;
				GCC_WARN_UNDECLARED_SELECTOR = YES;
				GCC_WARN_UNINITIALIZED_AUTOS = YES_AGGRESSIVE;
				GCC_WARN_UNUSED_FUNCTION = YES;
				GCC_WARN_UNUSED_VARIABLE = YES;
				IPHONEOS_DEPLOYMENT_TARGET = 16.2;
				MTL_ENABLE_DEBUG_INFO = INCLUDE_SOURCE;
				MTL_FAST_MATH = YES;
				ONLY_ACTIVE_ARCH = YES;
				SDKROOT = iphoneos;
				SWIFT_ACTIVE_COMPILATION_CONDITIONS = DEBUG;
				SWIFT_OPTIMIZATION_LEVEL = "-Onone";
			};
			name = Debug;
		};
		781C2FE129692C2C000701BC /* Release */ = {
			isa = XCBuildConfiguration;
			buildSettings = {
				ALWAYS_SEARCH_USER_PATHS = NO;
				CLANG_ANALYZER_NONNULL = YES;
				CLANG_ANALYZER_NUMBER_OBJECT_CONVERSION = YES_AGGRESSIVE;
				CLANG_CXX_LANGUAGE_STANDARD = "gnu++20";
				CLANG_ENABLE_MODULES = YES;
				CLANG_ENABLE_OBJC_ARC = YES;
				CLANG_ENABLE_OBJC_WEAK = YES;
				CLANG_WARN_BLOCK_CAPTURE_AUTORELEASING = YES;
				CLANG_WARN_BOOL_CONVERSION = YES;
				CLANG_WARN_COMMA = YES;
				CLANG_WARN_CONSTANT_CONVERSION = YES;
				CLANG_WARN_DEPRECATED_OBJC_IMPLEMENTATIONS = YES;
				CLANG_WARN_DIRECT_OBJC_ISA_USAGE = YES_ERROR;
				CLANG_WARN_DOCUMENTATION_COMMENTS = YES;
				CLANG_WARN_EMPTY_BODY = YES;
				CLANG_WARN_ENUM_CONVERSION = YES;
				CLANG_WARN_INFINITE_RECURSION = YES;
				CLANG_WARN_INT_CONVERSION = YES;
				CLANG_WARN_NON_LITERAL_NULL_CONVERSION = YES;
				CLANG_WARN_OBJC_IMPLICIT_RETAIN_SELF = YES;
				CLANG_WARN_OBJC_LITERAL_CONVERSION = YES;
				CLANG_WARN_OBJC_ROOT_CLASS = YES_ERROR;
				CLANG_WARN_QUOTED_INCLUDE_IN_FRAMEWORK_HEADER = YES;
				CLANG_WARN_RANGE_LOOP_ANALYSIS = YES;
				CLANG_WARN_STRICT_PROTOTYPES = YES;
				CLANG_WARN_SUSPICIOUS_MOVE = YES;
				CLANG_WARN_UNGUARDED_AVAILABILITY = YES_AGGRESSIVE;
				CLANG_WARN_UNREACHABLE_CODE = YES;
				CLANG_WARN__DUPLICATE_METHOD_MATCH = YES;
				COPY_PHASE_STRIP = NO;
				DEBUG_INFORMATION_FORMAT = "dwarf-with-dsym";
				ENABLE_NS_ASSERTIONS = NO;
				ENABLE_STRICT_OBJC_MSGSEND = YES;
				GCC_C_LANGUAGE_STANDARD = gnu11;
				GCC_NO_COMMON_BLOCKS = YES;
				GCC_WARN_64_TO_32_BIT_CONVERSION = YES;
				GCC_WARN_ABOUT_RETURN_TYPE = YES_ERROR;
				GCC_WARN_UNDECLARED_SELECTOR = YES;
				GCC_WARN_UNINITIALIZED_AUTOS = YES_AGGRESSIVE;
				GCC_WARN_UNUSED_FUNCTION = YES;
				GCC_WARN_UNUSED_VARIABLE = YES;
				IPHONEOS_DEPLOYMENT_TARGET = 16.2;
				MTL_ENABLE_DEBUG_INFO = NO;
				MTL_FAST_MATH = YES;
				SDKROOT = iphoneos;
				SWIFT_COMPILATION_MODE = wholemodule;
				SWIFT_OPTIMIZATION_LEVEL = "-O";
				VALIDATE_PRODUCT = YES;
			};
			name = Release;
		};
		781C2FE329692C2C000701BC /* Debug */ = {
			isa = XCBuildConfiguration;
			buildSettings = {
				ASSETCATALOG_COMPILER_APPICON_NAME = AppIcon;
				ASSETCATALOG_COMPILER_GLOBAL_ACCENT_COLOR_NAME = AccentColor;
				CODE_SIGN_STYLE = Automatic;
				CURRENT_PROJECT_VERSION = 1;
				GENERATE_INFOPLIST_FILE = YES;
				INFOPLIST_FILE = "Catch-Ex-ios-app/Info.plist";
				INFOPLIST_KEY_UIApplicationSupportsIndirectInputEvents = YES;
				INFOPLIST_KEY_UILaunchStoryboardName = LaunchScreen.storyboard;
				INFOPLIST_KEY_UISupportedInterfaceOrientations_iPad = "UIInterfaceOrientationPortrait UIInterfaceOrientationPortraitUpsideDown UIInterfaceOrientationLandscapeLeft UIInterfaceOrientationLandscapeRight";
				INFOPLIST_KEY_UISupportedInterfaceOrientations_iPhone = "UIInterfaceOrientationPortrait UIInterfaceOrientationLandscapeLeft UIInterfaceOrientationLandscapeRight";
				IPHONEOS_DEPLOYMENT_TARGET = 14.0;
				LD_RUNPATH_SEARCH_PATHS = (
					"$(inherited)",
					"@executable_path/Frameworks",
				);
				MARKETING_VERSION = 1.0;
				PRODUCT_BUNDLE_IDENTIFIER = "makus-java.Catch-Ex-ios-app";
				PRODUCT_NAME = "$(TARGET_NAME)";
				SWIFT_EMIT_LOC_STRINGS = YES;
				SWIFT_VERSION = 5.0;
				TARGETED_DEVICE_FAMILY = "1,2";
			};
			name = Debug;
		};
		781C2FE429692C2C000701BC /* Release */ = {
			isa = XCBuildConfiguration;
			buildSettings = {
				ASSETCATALOG_COMPILER_APPICON_NAME = AppIcon;
				ASSETCATALOG_COMPILER_GLOBAL_ACCENT_COLOR_NAME = AccentColor;
				CODE_SIGN_STYLE = Automatic;
				CURRENT_PROJECT_VERSION = 1;
				GENERATE_INFOPLIST_FILE = YES;
				INFOPLIST_FILE = "Catch-Ex-ios-app/Info.plist";
				INFOPLIST_KEY_UIApplicationSupportsIndirectInputEvents = YES;
				INFOPLIST_KEY_UILaunchStoryboardName = LaunchScreen.storyboard;
				INFOPLIST_KEY_UISupportedInterfaceOrientations_iPad = "UIInterfaceOrientationPortrait UIInterfaceOrientationPortraitUpsideDown UIInterfaceOrientationLandscapeLeft UIInterfaceOrientationLandscapeRight";
				INFOPLIST_KEY_UISupportedInterfaceOrientations_iPhone = "UIInterfaceOrientationPortrait UIInterfaceOrientationLandscapeLeft UIInterfaceOrientationLandscapeRight";
				IPHONEOS_DEPLOYMENT_TARGET = 14.0;
				LD_RUNPATH_SEARCH_PATHS = (
					"$(inherited)",
					"@executable_path/Frameworks",
				);
				MARKETING_VERSION = 1.0;
				PRODUCT_BUNDLE_IDENTIFIER = "makus-java.Catch-Ex-ios-app";
				PRODUCT_NAME = "$(TARGET_NAME)";
				SWIFT_EMIT_LOC_STRINGS = YES;
				SWIFT_VERSION = 5.0;
				TARGETED_DEVICE_FAMILY = "1,2";
			};
			name = Release;
		};
/* End XCBuildConfiguration section */

/* Begin XCConfigurationList section */
		781C2FC929692C2B000701BC /* Build configuration list for PBXProject "Catch-Ex-ios-app" */ = {
			isa = XCConfigurationList;
			buildConfigurations = (
				781C2FE029692C2C000701BC /* Debug */,
				781C2FE129692C2C000701BC /* Release */,
			);
			defaultConfigurationIsVisible = 0;
			defaultConfigurationName = Release;
		};
		781C2FE229692C2C000701BC /* Build configuration list for PBXNativeTarget "Catch-Ex-ios-app" */ = {
			isa = XCConfigurationList;
			buildConfigurations = (
				781C2FE329692C2C000701BC /* Debug */,
				781C2FE429692C2C000701BC /* Release */,
			);
			defaultConfigurationIsVisible = 0;
			defaultConfigurationName = Release;
		};
/* End XCConfigurationList section */

/* Begin XCRemoteSwiftPackageReference section */
		780579882969CE1A00AC72F4 /* XCRemoteSwiftPackageReference "RxKeyboard" */ = {
			isa = XCRemoteSwiftPackageReference;
			repositoryURL = "https://github.com/RxSwiftCommunity/RxKeyboard";
			requirement = {
				kind = upToNextMinorVersion;
				minimumVersion = 2.0.0;
			};
		};
		7805798D2969EA3E00AC72F4 /* XCRemoteSwiftPackageReference "RxGesture" */ = {
			isa = XCRemoteSwiftPackageReference;
			repositoryURL = "https://github.com/RxSwiftCommunity/RxGesture";
			requirement = {
				kind = upToNextMinorVersion;
				minimumVersion = 4.0.0;
			};
		};
		781C2FE529692D30000701BC /* XCRemoteSwiftPackageReference "SnapKit" */ = {
			isa = XCRemoteSwiftPackageReference;
			repositoryURL = "https://github.com/SnapKit/SnapKit";
			requirement = {
				kind = upToNextMinorVersion;
				minimumVersion = 5.6.0;
			};
		};
		781C2FE829692D3C000701BC /* XCRemoteSwiftPackageReference "Then" */ = {
			isa = XCRemoteSwiftPackageReference;
			repositoryURL = "https://github.com/devxoul/Then";
			requirement = {
				kind = upToNextMinorVersion;
				minimumVersion = 3.0.0;
			};
		};
		781C2FF229693852000701BC /* XCRemoteSwiftPackageReference "Moya" */ = {
			isa = XCRemoteSwiftPackageReference;
			repositoryURL = "https://github.com/Moya/Moya";
			requirement = {
				branch = master;
				kind = branch;
			};
		};
		78BADF5D29693E9400AA4D6B /* XCRemoteSwiftPackageReference "RxSwift" */ = {
			isa = XCRemoteSwiftPackageReference;
			repositoryURL = "https://github.com/ReactiveX/RxSwift";
			requirement = {
				kind = upToNextMinorVersion;
				minimumVersion = 6.5.0;
			};
		};
/* End XCRemoteSwiftPackageReference section */

/* Begin XCSwiftPackageProductDependency section */
		780579892969CE1A00AC72F4 /* RxKeyboard */ = {
			isa = XCSwiftPackageProductDependency;
			package = 780579882969CE1A00AC72F4 /* XCRemoteSwiftPackageReference "RxKeyboard" */;
			productName = RxKeyboard;
		};
		7805798E2969EA3E00AC72F4 /* RxGesture */ = {
			isa = XCSwiftPackageProductDependency;
			package = 7805798D2969EA3E00AC72F4 /* XCRemoteSwiftPackageReference "RxGesture" */;
			productName = RxGesture;
		};
		781C2FE629692D30000701BC /* SnapKit */ = {
			isa = XCSwiftPackageProductDependency;
			package = 781C2FE529692D30000701BC /* XCRemoteSwiftPackageReference "SnapKit" */;
			productName = SnapKit;
		};
		781C2FE929692D3C000701BC /* Then */ = {
			isa = XCSwiftPackageProductDependency;
			package = 781C2FE829692D3C000701BC /* XCRemoteSwiftPackageReference "Then" */;
			productName = Then;
		};
		781C2FF329693852000701BC /* Moya */ = {
			isa = XCSwiftPackageProductDependency;
			package = 781C2FF229693852000701BC /* XCRemoteSwiftPackageReference "Moya" */;
			productName = Moya;
		};
		781C2FF529693852000701BC /* RxMoya */ = {
			isa = XCSwiftPackageProductDependency;
			package = 781C2FF229693852000701BC /* XCRemoteSwiftPackageReference "Moya" */;
			productName = RxMoya;
		};
		78BADF5E29693E9400AA4D6B /* RxCocoa */ = {
			isa = XCSwiftPackageProductDependency;
			package = 78BADF5D29693E9400AA4D6B /* XCRemoteSwiftPackageReference "RxSwift" */;
			productName = RxCocoa;
		};
		78BADF6029693E9400AA4D6B /* RxRelay */ = {
			isa = XCSwiftPackageProductDependency;
			package = 78BADF5D29693E9400AA4D6B /* XCRemoteSwiftPackageReference "RxSwift" */;
			productName = RxRelay;
		};
/* End XCSwiftPackageProductDependency section */
	};
	rootObject = 781C2FC629692C2B000701BC /* Project object */;
}
